
Microsoft Visual Studio Solution File, Format Version 12.00
# Visual Studio Version 16
VisualStudioVersion = 16.0.30523.141
MinimumVisualStudioVersion = 10.0.40219.1
Project("{2150E333-8FDC-42A3-9474-1A3956D46DE8}") = "Gargoyle", "Gargoyle", "{32E3D7B7-0213-41F0-B31E-45A3AFBCAC88}"
	ProjectSection(SolutionItems) = preProject
		Demona\Gargoyle\support\sdl\SDL.def = Demona\Gargoyle\support\sdl\SDL.def
		Demona\Gargoyle\support\sdl\SDL_mixer.def = Demona\Gargoyle\support\sdl\SDL_mixer.def
	EndProjectSection
EndProject
Project("{9A19103F-16F7-4668-BE54-9A1E7A4F7556}") = "ConsoleZLR", "ConsoleZLR\ConsoleZLR.csproj", "{0FF5AD11-1849-4BDF-A2DE-D97586EE95B0}"
EndProject
Project("{9A19103F-16F7-4668-BE54-9A1E7A4F7556}") = "Demona", "Demona\Demona.csproj", "{2B837CC9-6BD8-484C-B7F9-75D3F18FD251}"
	ProjectSection(ProjectDependencies) = postProject
		{63A5651F-ABA6-4857-955E-57B3A8DD75B0} = {63A5651F-ABA6-4857-955E-57B3A8DD75B0}
	EndProjectSection
EndProject
Project("{8BC9CEB8-8B4A-11D0-8D11-00A0C91BC942}") = "libgarglk", "Demona\Gargoyle\garglk\libgarglk.vcxproj", "{63A5651F-ABA6-4857-955E-57B3A8DD75B0}"
EndProject
Project("{8BC9CEB8-8B4A-11D0-8D11-00A0C91BC942}") = "libfreetype", "Demona\Gargoyle\support\freetype-2.1.10\libfreetype.vcxproj", "{AE2C588F-5884-4853-BF3D-A582B887BE08}"
EndProject
Project("{8BC9CEB8-8B4A-11D0-8D11-00A0C91BC942}") = "libpng", "Demona\Gargoyle\support\libpng-1.2.8\libpng.vcxproj", "{7C5BB22E-1358-4F21-A322-4801F7E660E7}"
EndProject
Project("{8BC9CEB8-8B4A-11D0-8D11-00A0C91BC942}") = "libjpeg", "Demona\Gargoyle\support\jpeg-6b\libjpeg.vcxproj", "{164BB4B3-636C-40E3-8647-9C0D284E4F46}"
EndProject
Project("{8BC9CEB8-8B4A-11D0-8D11-00A0C91BC942}") = "libz", "Demona\Gargoyle\support\zlib-1.2.2\libz.vcxproj", "{EDF8C11C-EAEC-4D4D-A67D-A09528B5E3D7}"
EndProject
Project("{9A19103F-16F7-4668-BE54-9A1E7A4F7556}") = "TestSuite", "TestSuite\TestSuite.csproj", "{57DD165A-D333-4FF9-B9CE-A9FA7A721041}"
EndProject
Project("{930C7802-8A8C-48F9-8165-68863BCCD9DD}") = "DemonaWiX", "DemonaWiX\DemonaWiX.wixproj", "{DA4E0918-5A69-423D-BB20-362FB168BA80}"
EndProject
Project("{9A19103F-16F7-4668-BE54-9A1E7A4F7556}") = "ZLR.VM", "ZLR.VM\ZLR.VM.csproj", "{FC857DD8-AB2D-4E4C-A2D7-943547694249}"
EndProject
Project("{2150E333-8FDC-42A3-9474-1A3956D46DE8}") = "Solution Items", "Solution Items", "{8BE8F43B-49A7-4970-8656-FBF2DD6E2EB8}"
	ProjectSection(SolutionItems) = preProject
		.editorconfig = .editorconfig
		ZLR.ruleset = ZLR.ruleset
	EndProjectSection
EndProject
Project("{9A19103F-16F7-4668-BE54-9A1E7A4F7556}") = "ZLR.VM.Tests", "ZLR.VM.Tests\ZLR.VM.Tests.csproj", "{E2BD0275-4A11-41CD-9BAD-F09F564B98AE}"
EndProject
Project("{D954291E-2A0B-460D-934E-DC6B0785DB48}") = "TestSuite.TestCase", "TestSuite.TestCase\TestSuite.TestCase.shproj", "{467DE6EF-1B65-4295-97C4-1D6813EB72BF}"
EndProject
Global
	GlobalSection(SharedMSBuildProjectFiles) = preSolution
		TestSuite.TestCase\TestSuite.TestCase.projitems*{467de6ef-1b65-4295-97c4-1d6813eb72bf}*SharedItemsImports = 13
		TestSuite.TestCase\TestSuite.TestCase.projitems*{57dd165a-d333-4ff9-b9ce-a9fa7a721041}*SharedItemsImports = 5
		TestSuite.TestCase\TestSuite.TestCase.projitems*{e2bd0275-4a11-41cd-9bad-f09f564b98ae}*SharedItemsImports = 5
	EndGlobalSection
	GlobalSection(SolutionConfigurationPlatforms) = preSolution
		Debug|Any CPU = Debug|Any CPU
		Debug|Mixed Platforms = Debug|Mixed Platforms
		Debug|Win32 = Debug|Win32
		Debug|x86 = Debug|x86
		Release|Any CPU = Release|Any CPU
		Release|Mixed Platforms = Release|Mixed Platforms
		Release|Win32 = Release|Win32
		Release|x86 = Release|x86
	EndGlobalSection
	GlobalSection(ProjectConfigurationPlatforms) = postSolution
		{0FF5AD11-1849-4BDF-A2DE-D97586EE95B0}.Debug|Any CPU.ActiveCfg = Debug|Any CPU
		{0FF5AD11-1849-4BDF-A2DE-D97586EE95B0}.Debug|Any CPU.Build.0 = Debug|Any CPU
		{0FF5AD11-1849-4BDF-A2DE-D97586EE95B0}.Debug|Mixed Platforms.ActiveCfg = Debug|Any CPU
		{0FF5AD11-1849-4BDF-A2DE-D97586EE95B0}.Debug|Mixed Platforms.Build.0 = Debug|Any CPU
		{0FF5AD11-1849-4BDF-A2DE-D97586EE95B0}.Debug|Win32.ActiveCfg = Debug|Any CPU
		{0FF5AD11-1849-4BDF-A2DE-D97586EE95B0}.Debug|x86.ActiveCfg = Debug|Any CPU
		{0FF5AD11-1849-4BDF-A2DE-D97586EE95B0}.Release|Any CPU.ActiveCfg = Release|Any CPU
		{0FF5AD11-1849-4BDF-A2DE-D97586EE95B0}.Release|Any CPU.Build.0 = Release|Any CPU
		{0FF5AD11-1849-4BDF-A2DE-D97586EE95B0}.Release|Mixed Platforms.ActiveCfg = Release|Any CPU
		{0FF5AD11-1849-4BDF-A2DE-D97586EE95B0}.Release|Mixed Platforms.Build.0 = Release|Any CPU
		{0FF5AD11-1849-4BDF-A2DE-D97586EE95B0}.Release|Win32.ActiveCfg = Release|Any CPU
		{0FF5AD11-1849-4BDF-A2DE-D97586EE95B0}.Release|x86.ActiveCfg = Release|Any CPU
		{2B837CC9-6BD8-484C-B7F9-75D3F18FD251}.Debug|Any CPU.ActiveCfg = Debug|Any CPU
		{2B837CC9-6BD8-484C-B7F9-75D3F18FD251}.Debug|Any CPU.Build.0 = Debug|Any CPU
		{2B837CC9-6BD8-484C-B7F9-75D3F18FD251}.Debug|Mixed Platforms.ActiveCfg = Debug|Any CPU
		{2B837CC9-6BD8-484C-B7F9-75D3F18FD251}.Debug|Mixed Platforms.Build.0 = Debug|Any CPU
		{2B837CC9-6BD8-484C-B7F9-75D3F18FD251}.Debug|Win32.ActiveCfg = Debug|Any CPU
		{2B837CC9-6BD8-484C-B7F9-75D3F18FD251}.Debug|x86.ActiveCfg = Debug|Any CPU
		{2B837CC9-6BD8-484C-B7F9-75D3F18FD251}.Release|Any CPU.ActiveCfg = Release|Any CPU
		{2B837CC9-6BD8-484C-B7F9-75D3F18FD251}.Release|Any CPU.Build.0 = Release|Any CPU
		{2B837CC9-6BD8-484C-B7F9-75D3F18FD251}.Release|Mixed Platforms.ActiveCfg = Release|Any CPU
		{2B837CC9-6BD8-484C-B7F9-75D3F18FD251}.Release|Mixed Platforms.Build.0 = Release|Any CPU
		{2B837CC9-6BD8-484C-B7F9-75D3F18FD251}.Release|Win32.ActiveCfg = Release|Any CPU
		{2B837CC9-6BD8-484C-B7F9-75D3F18FD251}.Release|x86.ActiveCfg = Release|Any CPU
		{63A5651F-ABA6-4857-955E-57B3A8DD75B0}.Debug|Any CPU.ActiveCfg = Debug|Win32
		{63A5651F-ABA6-4857-955E-57B3A8DD75B0}.Debug|Mixed Platforms.ActiveCfg = Debug|Win32
		{63A5651F-ABA6-4857-955E-57B3A8DD75B0}.Debug|Mixed Platforms.Build.0 = Debug|Win32
		{63A5651F-ABA6-4857-955E-57B3A8DD75B0}.Debug|Win32.ActiveCfg = Debug|Win32
		{63A5651F-ABA6-4857-955E-57B3A8DD75B0}.Debug|Win32.Build.0 = Debug|Win32
		{63A5651F-ABA6-4857-955E-57B3A8DD75B0}.Debug|x86.ActiveCfg = Debug|Win32
		{63A5651F-ABA6-4857-955E-57B3A8DD75B0}.Debug|x86.Build.0 = Debug|Win32
		{63A5651F-ABA6-4857-955E-57B3A8DD75B0}.Release|Any CPU.ActiveCfg = Release|Win32
		{63A5651F-ABA6-4857-955E-57B3A8DD75B0}.Release|Mixed Platforms.ActiveCfg = Release|Win32
		{63A5651F-ABA6-4857-955E-57B3A8DD75B0}.Release|Mixed Platforms.Build.0 = Release|Win32
		{63A5651F-ABA6-4857-955E-57B3A8DD75B0}.Release|Win32.ActiveCfg = Release|Win32
		{63A5651F-ABA6-4857-955E-57B3A8DD75B0}.Release|Win32.Build.0 = Release|Win32
		{63A5651F-ABA6-4857-955E-57B3A8DD75B0}.Release|x86.ActiveCfg = Release|Win32
		{63A5651F-ABA6-4857-955E-57B3A8DD75B0}.Release|x86.Build.0 = Release|Win32
		{AE2C588F-5884-4853-BF3D-A582B887BE08}.Debug|Any CPU.ActiveCfg = Debug|Win32
		{AE2C588F-5884-4853-BF3D-A582B887BE08}.Debug|Mixed Platforms.ActiveCfg = Release|Win32
		{AE2C588F-5884-4853-BF3D-A582B887BE08}.Debug|Mixed Platforms.Build.0 = Release|Win32
		{AE2C588F-5884-4853-BF3D-A582B887BE08}.Debug|Win32.ActiveCfg = Debug|Win32
		{AE2C588F-5884-4853-BF3D-A582B887BE08}.Debug|Win32.Build.0 = Debug|Win32
		{AE2C588F-5884-4853-BF3D-A582B887BE08}.Debug|x86.ActiveCfg = Debug|Win32
		{AE2C588F-5884-4853-BF3D-A582B887BE08}.Debug|x86.Build.0 = Debug|Win32
		{AE2C588F-5884-4853-BF3D-A582B887BE08}.Release|Any CPU.ActiveCfg = Release|Win32
		{AE2C588F-5884-4853-BF3D-A582B887BE08}.Release|Mixed Platforms.ActiveCfg = Release|Win32
		{AE2C588F-5884-4853-BF3D-A582B887BE08}.Release|Mixed Platforms.Build.0 = Release|Win32
		{AE2C588F-5884-4853-BF3D-A582B887BE08}.Release|Win32.ActiveCfg = Release|Win32
		{AE2C588F-5884-4853-BF3D-A582B887BE08}.Release|Win32.Build.0 = Release|Win32
		{AE2C588F-5884-4853-BF3D-A582B887BE08}.Release|x86.ActiveCfg = Release|Win32
		{AE2C588F-5884-4853-BF3D-A582B887BE08}.Release|x86.Build.0 = Release|Win32
		{7C5BB22E-1358-4F21-A322-4801F7E660E7}.Debug|Any CPU.ActiveCfg = Debug|Win32
		{7C5BB22E-1358-4F21-A322-4801F7E660E7}.Debug|Mixed Platforms.ActiveCfg = Release|Win32
		{7C5BB22E-1358-4F21-A322-4801F7E660E7}.Debug|Mixed Platforms.Build.0 = Release|Win32
		{7C5BB22E-1358-4F21-A322-4801F7E660E7}.Debug|Win32.ActiveCfg = Debug|Win32
		{7C5BB22E-1358-4F21-A322-4801F7E660E7}.Debug|Win32.Build.0 = Debug|Win32
		{7C5BB22E-1358-4F21-A322-4801F7E660E7}.Debug|x86.ActiveCfg = Debug|Win32
		{7C5BB22E-1358-4F21-A322-4801F7E660E7}.Debug|x86.Build.0 = Debug|Win32
		{7C5BB22E-1358-4F21-A322-4801F7E660E7}.Release|Any CPU.ActiveCfg = Release|Win32
		{7C5BB22E-1358-4F21-A322-4801F7E660E7}.Release|Mixed Platforms.ActiveCfg = Release|Win32
		{7C5BB22E-1358-4F21-A322-4801F7E660E7}.Release|Mixed Platforms.Build.0 = Release|Win32
		{7C5BB22E-1358-4F21-A322-4801F7E660E7}.Release|Win32.ActiveCfg = Release|Win32
		{7C5BB22E-1358-4F21-A322-4801F7E660E7}.Release|Win32.Build.0 = Release|Win32
		{7C5BB22E-1358-4F21-A322-4801F7E660E7}.Release|x86.ActiveCfg = Release|Win32
		{7C5BB22E-1358-4F21-A322-4801F7E660E7}.Release|x86.Build.0 = Release|Win32
		{164BB4B3-636C-40E3-8647-9C0D284E4F46}.Debug|Any CPU.ActiveCfg = Debug|Win32
		{164BB4B3-636C-40E3-8647-9C0D284E4F46}.Debug|Mixed Platforms.ActiveCfg = Release|Win32
		{164BB4B3-636C-40E3-8647-9C0D284E4F46}.Debug|Mixed Platforms.Build.0 = Release|Win32
		{164BB4B3-636C-40E3-8647-9C0D284E4F46}.Debug|Win32.ActiveCfg = Debug|Win32
		{164BB4B3-636C-40E3-8647-9C0D284E4F46}.Debug|Win32.Build.0 = Debug|Win32
		{164BB4B3-636C-40E3-8647-9C0D284E4F46}.Debug|x86.ActiveCfg = Debug|Win32
		{164BB4B3-636C-40E3-8647-9C0D284E4F46}.Debug|x86.Build.0 = Debug|Win32
		{164BB4B3-636C-40E3-8647-9C0D284E4F46}.Release|Any CPU.ActiveCfg = Release|Win32
		{164BB4B3-636C-40E3-8647-9C0D284E4F46}.Release|Mixed Platforms.ActiveCfg = Release|Win32
		{164BB4B3-636C-40E3-8647-9C0D284E4F46}.Release|Mixed Platforms.Build.0 = Release|Win32
		{164BB4B3-636C-40E3-8647-9C0D284E4F46}.Release|Win32.ActiveCfg = Release|Win32
		{164BB4B3-636C-40E3-8647-9C0D284E4F46}.Release|Win32.Build.0 = Release|Win32
		{164BB4B3-636C-40E3-8647-9C0D284E4F46}.Release|x86.ActiveCfg = Release|Win32
		{164BB4B3-636C-40E3-8647-9C0D284E4F46}.Release|x86.Build.0 = Release|Win32
		{EDF8C11C-EAEC-4D4D-A67D-A09528B5E3D7}.Debug|Any CPU.ActiveCfg = Debug|Win32
		{EDF8C11C-EAEC-4D4D-A67D-A09528B5E3D7}.Debug|Mixed Platforms.ActiveCfg = Release|Win32
		{EDF8C11C-EAEC-4D4D-A67D-A09528B5E3D7}.Debug|Mixed Platforms.Build.0 = Release|Win32
		{EDF8C11C-EAEC-4D4D-A67D-A09528B5E3D7}.Debug|Win32.ActiveCfg = Debug|Win32
		{EDF8C11C-EAEC-4D4D-A67D-A09528B5E3D7}.Debug|Win32.Build.0 = Debug|Win32
		{EDF8C11C-EAEC-4D4D-A67D-A09528B5E3D7}.Debug|x86.ActiveCfg = Debug|Win32
		{EDF8C11C-EAEC-4D4D-A67D-A09528B5E3D7}.Debug|x86.Build.0 = Debug|Win32
		{EDF8C11C-EAEC-4D4D-A67D-A09528B5E3D7}.Release|Any CPU.ActiveCfg = Release|Win32
		{EDF8C11C-EAEC-4D4D-A67D-A09528B5E3D7}.Release|Mixed Platforms.ActiveCfg = Release|Win32
		{EDF8C11C-EAEC-4D4D-A67D-A09528B5E3D7}.Release|Mixed Platforms.Build.0 = Release|Win32
		{EDF8C11C-EAEC-4D4D-A67D-A09528B5E3D7}.Release|Win32.ActiveCfg = Release|Win32
		{EDF8C11C-EAEC-4D4D-A67D-A09528B5E3D7}.Release|Win32.Build.0 = Release|Win32
		{EDF8C11C-EAEC-4D4D-A67D-A09528B5E3D7}.Release|x86.ActiveCfg = Release|Win32
		{EDF8C11C-EAEC-4D4D-A67D-A09528B5E3D7}.Release|x86.Build.0 = Release|Win32
		{57DD165A-D333-4FF9-B9CE-A9FA7A721041}.Debug|Any CPU.ActiveCfg = Debug|Any CPU
		{57DD165A-D333-4FF9-B9CE-A9FA7A721041}.Debug|Any CPU.Build.0 = Debug|Any CPU
		{57DD165A-D333-4FF9-B9CE-A9FA7A721041}.Debug|Mixed Platforms.ActiveCfg = Debug|Any CPU
		{57DD165A-D333-4FF9-B9CE-A9FA7A721041}.Debug|Mixed Platforms.Build.0 = Debug|Any CPU
		{57DD165A-D333-4FF9-B9CE-A9FA7A721041}.Debug|Win32.ActiveCfg = Debug|Any CPU
		{57DD165A-D333-4FF9-B9CE-A9FA7A721041}.Debug|x86.ActiveCfg = Debug|Any CPU
		{57DD165A-D333-4FF9-B9CE-A9FA7A721041}.Release|Any CPU.ActiveCfg = Release|Any CPU
		{57DD165A-D333-4FF9-B9CE-A9FA7A721041}.Release|Any CPU.Build.0 = Release|Any CPU
		{57DD165A-D333-4FF9-B9CE-A9FA7A721041}.Release|Mixed Platforms.ActiveCfg = Release|Any CPU
		{57DD165A-D333-4FF9-B9CE-A9FA7A721041}.Release|Mixed Platforms.Build.0 = Release|Any CPU
		{57DD165A-D333-4FF9-B9CE-A9FA7A721041}.Release|Win32.ActiveCfg = Release|Any CPU
		{57DD165A-D333-4FF9-B9CE-A9FA7A721041}.Release|x86.ActiveCfg = Release|Any CPU
		{DA4E0918-5A69-423D-BB20-362FB168BA80}.Debug|Any CPU.ActiveCfg = Debug|x86
		{DA4E0918-5A69-423D-BB20-362FB168BA80}.Debug|Mixed Platforms.ActiveCfg = Debug|x86
		{DA4E0918-5A69-423D-BB20-362FB168BA80}.Debug|Win32.ActiveCfg = Debug|x86
		{DA4E0918-5A69-423D-BB20-362FB168BA80}.Debug|Win32.Build.0 = Debug|x86
		{DA4E0918-5A69-423D-BB20-362FB168BA80}.Debug|x86.ActiveCfg = Debug|x86
		{DA4E0918-5A69-423D-BB20-362FB168BA80}.Debug|x86.Build.0 = Debug|x86
		{DA4E0918-5A69-423D-BB20-362FB168BA80}.Release|Any CPU.ActiveCfg = Release|x86
		{DA4E0918-5A69-423D-BB20-362FB168BA80}.Release|Mixed Platforms.ActiveCfg = Release|x86
		{DA4E0918-5A69-423D-BB20-362FB168BA80}.Release|Mixed Platforms.Build.0 = Release|x86
		{DA4E0918-5A69-423D-BB20-362FB168BA80}.Release|Win32.ActiveCfg = Release|x86
		{DA4E0918-5A69-423D-BB20-362FB168BA80}.Release|Win32.Build.0 = Release|x86
		{DA4E0918-5A69-423D-BB20-362FB168BA80}.Release|x86.ActiveCfg = Release|x86
		{DA4E0918-5A69-423D-BB20-362FB168BA80}.Release|x86.Build.0 = Release|x86
		{FC857DD8-AB2D-4E4C-A2D7-943547694249}.Debug|Any CPU.ActiveCfg = Debug|Any CPU
		{FC857DD8-AB2D-4E4C-A2D7-943547694249}.Debug|Any CPU.Build.0 = Debug|Any CPU
		{FC857DD8-AB2D-4E4C-A2D7-943547694249}.Debug|Mixed Platforms.ActiveCfg = Debug|Any CPU
		{FC857DD8-AB2D-4E4C-A2D7-943547694249}.Debug|Mixed Platforms.Build.0 = Debug|Any CPU
		{FC857DD8-AB2D-4E4C-A2D7-943547694249}.Debug|Win32.ActiveCfg = Debug|Any CPU
		{FC857DD8-AB2D-4E4C-A2D7-943547694249}.Debug|Win32.Build.0 = Debug|Any CPU
		{FC857DD8-AB2D-4E4C-A2D7-943547694249}.Debug|x86.ActiveCfg = Debug|Any CPU
		{FC857DD8-AB2D-4E4C-A2D7-943547694249}.Debug|x86.Build.0 = Debug|Any CPU
		{FC857DD8-AB2D-4E4C-A2D7-943547694249}.Release|Any CPU.ActiveCfg = Release|Any CPU
		{FC857DD8-AB2D-4E4C-A2D7-943547694249}.Release|Any CPU.Build.0 = Release|Any CPU
		{FC857DD8-AB2D-4E4C-A2D7-943547694249}.Release|Mixed Platforms.ActiveCfg = Release|Any CPU
		{FC857DD8-AB2D-4E4C-A2D7-943547694249}.Release|Mixed Platforms.Build.0 = Release|Any CPU
		{FC857DD8-AB2D-4E4C-A2D7-943547694249}.Release|Win32.ActiveCfg = Release|Any CPU
		{FC857DD8-AB2D-4E4C-A2D7-943547694249}.Release|Win32.Build.0 = Release|Any CPU
		{FC857DD8-AB2D-4E4C-A2D7-943547694249}.Release|x86.ActiveCfg = Release|Any CPU
		{FC857DD8-AB2D-4E4C-A2D7-943547694249}.Release|x86.Build.0 = Release|Any CPU
		{E2BD0275-4A11-41CD-9BAD-F09F564B98AE}.Debug|Any CPU.ActiveCfg = Debug|Any CPU
		{E2BD0275-4A11-41CD-9BAD-F09F564B98AE}.Debug|Any CPU.Build.0 = Debug|Any CPU
		{E2BD0275-4A11-41CD-9BAD-F09F564B98AE}.Debug|Mixed Platforms.ActiveCfg = Debug|Any CPU
		{E2BD0275-4A11-41CD-9BAD-F09F564B98AE}.Debug|Mixed Platforms.Build.0 = Debug|Any CPU
		{E2BD0275-4A11-41CD-9BAD-F09F564B98AE}.Debug|Win32.ActiveCfg = Debug|Any CPU
		{E2BD0275-4A11-41CD-9BAD-F09F564B98AE}.Debug|Win32.Build.0 = Debug|Any CPU
		{E2BD0275-4A11-41CD-9BAD-F09F564B98AE}.Debug|x86.ActiveCfg = Debug|Any CPU
		{E2BD0275-4A11-41CD-9BAD-F09F564B98AE}.Debug|x86.Build.0 = Debug|Any CPU
		{E2BD0275-4A11-41CD-9BAD-F09F564B98AE}.Release|Any CPU.ActiveCfg = Release|Any CPU
		{E2BD0275-4A11-41CD-9BAD-F09F564B98AE}.Release|Any CPU.Build.0 = Release|Any CPU
		{E2BD0275-4A11-41CD-9BAD-F09F564B98AE}.Release|Mixed Platforms.ActiveCfg = Release|Any CPU
		{E2BD0275-4A11-41CD-9BAD-F09F564B98AE}.Release|Mixed Platforms.Build.0 = Release|Any CPU
		{E2BD0275-4A11-41CD-9BAD-F09F564B98AE}.Release|Win32.ActiveCfg = Release|Any CPU
		{E2BD0275-4A11-41CD-9BAD-F09F564B98AE}.Release|Win32.Build.0 = Release|Any CPU
		{E2BD0275-4A11-41CD-9BAD-F09F564B98AE}.Release|x86.ActiveCfg = Release|Any CPU
		{E2BD0275-4A11-41CD-9BAD-F09F564B98AE}.Release|x86.Build.0 = Release|Any CPU
	EndGlobalSection
	GlobalSection(SolutionProperties) = preSolution
		HideSolutionNode = FALSE
	EndGlobalSection
	GlobalSection(NestedProjects) = preSolution
		{63A5651F-ABA6-4857-955E-57B3A8DD75B0} = {32E3D7B7-0213-41F0-B31E-45A3AFBCAC88}
		{AE2C588F-5884-4853-BF3D-A582B887BE08} = {32E3D7B7-0213-41F0-B31E-45A3AFBCAC88}
		{7C5BB22E-1358-4F21-A322-4801F7E660E7} = {32E3D7B7-0213-41F0-B31E-45A3AFBCAC88}
		{164BB4B3-636C-40E3-8647-9C0D284E4F46} = {32E3D7B7-0213-41F0-B31E-45A3AFBCAC88}
		{EDF8C11C-EAEC-4D4D-A67D-A09528B5E3D7} = {32E3D7B7-0213-41F0-B31E-45A3AFBCAC88}
	EndGlobalSection
	GlobalSection(ExtensibilityGlobals) = postSolution
		SolutionGuid = {6A691C8E-29AC-4A88-8E5C-59D9B0EB2628}
	EndGlobalSection
EndGlobal
